
Microsoft Visual Studio Solution File, Format Version 12.00
# Visual Studio Version 17
VisualStudioVersion = 17.9.34701.34
MinimumVisualStudioVersion = 10.0.40219.1
Project("{9A19103F-16F7-4668-BE54-9A1E7A4F7556}") = "FoodOrder.WebApi", "FoodOrder.WebApi\FoodOrder.WebApi.csproj", "{3F4228BE-256A-4CD6-8EB6-079AD93C2B69}"
EndProject
Project("{9A19103F-16F7-4668-BE54-9A1E7A4F7556}") = "FoodOrder.WebUI", "FoodOrder.WebUI\FoodOrder.WebUI.csproj", "{9281218B-3862-4C7D-BB3B-757C8720683C}"
EndProject
Project("{9A19103F-16F7-4668-BE54-9A1E7A4F7556}") = "FoodOrder.Entity", "FoodOrder.EntityLayer\FoodOrder.Entity.csproj", "{7FFFC7D5-5602-4C36-9C20-272092768932}"
EndProject
Project("{FAE04EC0-301F-11D3-BF4B-00C04F79EFBC}") = "FoodOrder.DataAccess", "FoodOrder.DataAccess\FoodOrder.DataAccess.csproj", "{EE48D062-CC39-4908-AA5E-8489E71D0924}"
EndProject
Project("{FAE04EC0-301F-11D3-BF4B-00C04F79EFBC}") = "FoodOrder.Dto", "FoodOrder.Dto\FoodOrder.Dto.csproj", "{E58BBAA2-D9AA-4C9A-9547-1CE6FEF15474}"
EndProject
Project("{FAE04EC0-301F-11D3-BF4B-00C04F79EFBC}") = "FoodOrder.Business", "FoodOrder.Business\FoodOrder.Business.csproj", "{C8E1F8EB-3B33-47FB-806E-061152B4B4A7}"
EndProject
Global
	GlobalSection(SolutionConfigurationPlatforms) = preSolution
		Debug|Any CPU = Debug|Any CPU
		Release|Any CPU = Release|Any CPU
	EndGlobalSection
	GlobalSection(ProjectConfigurationPlatforms) = postSolution
		{3F4228BE-256A-4CD6-8EB6-079AD93C2B69}.Debug|Any CPU.ActiveCfg = Debug|Any CPU
		{3F4228BE-256A-4CD6-8EB6-079AD93C2B69}.Debug|Any CPU.Build.0 = Debug|Any CPU
		{3F4228BE-256A-4CD6-8EB6-079AD93C2B69}.Release|Any CPU.ActiveCfg = Release|Any CPU
		{3F4228BE-256A-4CD6-8EB6-079AD93C2B69}.Release|Any CPU.Build.0 = Release|Any CPU
		{9281218B-3862-4C7D-BB3B-757C8720683C}.Debug|Any CPU.ActiveCfg = Debug|Any CPU
		{9281218B-3862-4C7D-BB3B-757C8720683C}.Debug|Any CPU.Build.0 = Debug|Any CPU
		{9281218B-3862-4C7D-BB3B-757C8720683C}.Release|Any CPU.ActiveCfg = Release|Any CPU
		{9281218B-3862-4C7D-BB3B-757C8720683C}.Release|Any CPU.Build.0 = Release|Any CPU
		{7FFFC7D5-5602-4C36-9C20-272092768932}.Debug|Any CPU.ActiveCfg = Debug|Any CPU
		{7FFFC7D5-5602-4C36-9C20-272092768932}.Debug|Any CPU.Build.0 = Debug|Any CPU
		{7FFFC7D5-5602-4C36-9C20-272092768932}.Release|Any CPU.ActiveCfg = Release|Any CPU
		{7FFFC7D5-5602-4C36-9C20-272092768932}.Release|Any CPU.Build.0 = Release|Any CPU
		{EE48D062-CC39-4908-AA5E-8489E71D0924}.Debug|Any CPU.ActiveCfg = Debug|Any CPU
		{EE48D062-CC39-4908-AA5E-8489E71D0924}.Debug|Any CPU.Build.0 = Debug|Any CPU
		{EE48D062-CC39-4908-AA5E-8489E71D0924}.Release|Any CPU.ActiveCfg = Release|Any CPU
		{EE48D062-CC39-4908-AA5E-8489E71D0924}.Release|Any CPU.Build.0 = Release|Any CPU
		{E58BBAA2-D9AA-4C9A-9547-1CE6FEF15474}.Debug|Any CPU.ActiveCfg = Debug|Any CPU
		{E58BBAA2-D9AA-4C9A-9547-1CE6FEF15474}.Debug|Any CPU.Build.0 = Debug|Any CPU
		{E58BBAA2-D9AA-4C9A-9547-1CE6FEF15474}.Release|Any CPU.ActiveCfg = Release|Any CPU
		{E58BBAA2-D9AA-4C9A-9547-1CE6FEF15474}.Release|Any CPU.Build.0 = Release|Any CPU
		{C8E1F8EB-3B33-47FB-806E-061152B4B4A7}.Debug|Any CPU.ActiveCfg = Debug|Any CPU
		{C8E1F8EB-3B33-47FB-806E-061152B4B4A7}.Debug|Any CPU.Build.0 = Debug|Any CPU
		{C8E1F8EB-3B33-47FB-806E-061152B4B4A7}.Release|Any CPU.ActiveCfg = Release|Any CPU
		{C8E1F8EB-3B33-47FB-806E-061152B4B4A7}.Release|Any CPU.Build.0 = Release|Any CPU
	EndGlobalSection
	GlobalSection(SolutionProperties) = preSolution
		HideSolutionNode = FALSE
	EndGlobalSection
	GlobalSection(ExtensibilityGlobals) = postSolution
		SolutionGuid = {18AA2315-0D76-4717-B311-30986D9552C6}
	EndGlobalSection
EndGlobal
